
Microsoft Visual Studio Solution File, Format Version 12.00
# Visual Studio Version 17
VisualStudioVersion = 17.0.32014.148
MinimumVisualStudioVersion = 10.0.40219.1
Project("{FAE04EC0-301F-11D3-BF4B-00C04F79EFBC}") = "zzfw", "zzfw\zzfw.csproj", "{EFEE9087-3AE5-424B-886A-9C34DA760EF0}"
EndProject
Global
	GlobalSection(SolutionConfigurationPlatforms) = preSolution
		Debug|Any CPU = Debug|Any CPU
		Release|Any CPU = Release|Any CPU
	EndGlobalSection
	GlobalSection(ProjectConfigurationPlatforms) = postSolution
		{EFEE9087-3AE5-424B-886A-9C34DA760EF0}.Debug|Any CPU.ActiveCfg = Debug|Any CPU
		{EFEE9087-3AE5-424B-886A-9C34DA760EF0}.Debug|Any CPU.Build.0 = Debug|Any CPU
		{EFEE9087-3AE5-424B-886A-9C34DA760EF0}.Release|Any CPU.ActiveCfg = Release|Any CPU
		{EFEE9087-3AE5-424B-886A-9C34DA760EF0}.Release|Any CPU.Build.0 = Release|Any CPU
	EndGlobalSection
	GlobalSection(SolutionProperties) = preSolution
		HideSolutionNode = FALSE
	EndGlobalSection
	GlobalSection(ExtensibilityGlobals) = postSolution
		SolutionGuid = {415EE0CC-C7BE-45CF-9A71-6BCEFEBF568E}
	EndGlobalSection
EndGlobal
